{
    "_meta": {
        "hash": {
            "sha256": "8f433f7aed2a567bdd2ed8cb88764bde8a508418d0e241ac8b14bcae39bdd2e1"
        },
        "pipfile-spec": 6,
        "requires": {
            "python_version": "3.10"
        },
        "sources": [
            {
                "name": "pypi",
                "url": "https://pypi.org/simple",
                "verify_ssl": true
            },
            {
                "name": "pypi",
                "url": "https://muhammad:eZcLJfiQB9FjphY@wsdev.jfrog.io/artifactory/api/pypi/sami-python-pypi-local/simple",
                "verify_ssl": true
            }
        ]
    },
    "default": {},
    "develop": {}
}
